
Microsoft Visual Studio Solution File, Format Version 12.00
# Visual Studio 15
VisualStudioVersion = 15.0.28010.2003
MinimumVisualStudioVersion = 10.0.40219.1
Project("{8BC9CEB8-8B4A-11D0-8D11-00A0C91BC942}") = "Novos_Engine", "Novos_Engine\Novos_Engine.vcxproj", "{EADD9F3E-25BF-4F93-AB1A-6E12C471A9AF}"
EndProject
Project("{8BC9CEB8-8B4A-11D0-8D11-00A0C91BC942}") = "LuaGod", "Lib\LuaGod\LuaGod\LuaGod.vcxproj", "{8D05F167-F4D6-406F-B918-9EAD0E684F4B}"
EndProject
Global
	GlobalSection(SolutionConfigurationPlatforms) = preSolution
		Debug|x64 = Debug|x64
		Debug|x86 = Debug|x86
		Release|x64 = Release|x64
		Release|x86 = Release|x86
	EndGlobalSection
	GlobalSection(ProjectConfigurationPlatforms) = postSolution
		{EADD9F3E-25BF-4F93-AB1A-6E12C471A9AF}.Debug|x64.ActiveCfg = Debug|x64
		{EADD9F3E-25BF-4F93-AB1A-6E12C471A9AF}.Debug|x64.Build.0 = Debug|x64
		{EADD9F3E-25BF-4F93-AB1A-6E12C471A9AF}.Debug|x86.ActiveCfg = Debug|Win32
		{EADD9F3E-25BF-4F93-AB1A-6E12C471A9AF}.Debug|x86.Build.0 = Debug|Win32
		{EADD9F3E-25BF-4F93-AB1A-6E12C471A9AF}.Release|x64.ActiveCfg = Debug|x64
		{EADD9F3E-25BF-4F93-AB1A-6E12C471A9AF}.Release|x64.Build.0 = Debug|x64
		{EADD9F3E-25BF-4F93-AB1A-6E12C471A9AF}.Release|x86.ActiveCfg = Release|Win32
		{EADD9F3E-25BF-4F93-AB1A-6E12C471A9AF}.Release|x86.Build.0 = Release|Win32
		{8D05F167-F4D6-406F-B918-9EAD0E684F4B}.Debug|x64.ActiveCfg = Debug|x64
		{8D05F167-F4D6-406F-B918-9EAD0E684F4B}.Debug|x64.Build.0 = Debug|x64
		{8D05F167-F4D6-406F-B918-9EAD0E684F4B}.Debug|x86.ActiveCfg = Debug|Win32
		{8D05F167-F4D6-406F-B918-9EAD0E684F4B}.Debug|x86.Build.0 = Debug|Win32
		{8D05F167-F4D6-406F-B918-9EAD0E684F4B}.Release|x64.ActiveCfg = Release|x64
		{8D05F167-F4D6-406F-B918-9EAD0E684F4B}.Release|x64.Build.0 = Release|x64
		{8D05F167-F4D6-406F-B918-9EAD0E684F4B}.Release|x86.ActiveCfg = Release|Win32
		{8D05F167-F4D6-406F-B918-9EAD0E684F4B}.Release|x86.Build.0 = Release|Win32
	EndGlobalSection
	GlobalSection(SolutionProperties) = preSolution
		HideSolutionNode = FALSE
	EndGlobalSection
	GlobalSection(ExtensibilityGlobals) = postSolution
		SolutionGuid = {E2854E40-30DC-46A0-971E-C14BA081591B}
	EndGlobalSection
EndGlobal
