<?xml version="1.0" encoding="utf-8"?>
<Project ToolsVersion="4.0" xmlns="http://schemas.microsoft.com/developer/msbuild/2003">
  <ItemGroup>
    <ClCompile Include="EngineSystem.cpp">
      <Filter>Source</Filter>
    </ClCompile>
    <ClCompile Include="GameCodeApp.cpp">
      <Filter>Source</Filter>
    </ClCompile>
    <ClCompile Include="GameObject.cpp">
      <Filter>Source</Filter>
    </ClCompile>
    <ClCompile Include="Main.cpp">
      <Filter>Source</Filter>
    </ClCompile>
    <ClCompile Include="PhysicSystem.cpp">
      <Filter>Source</Filter>
    </ClCompile>
    <ClCompile Include="ScriptComponent.cpp">
      <Filter>Source</Filter>
    </ClCompile>
    <ClCompile Include="SystemInitializer.cpp">
      <Filter>Source</Filter>
    </ClCompile>
    <ClCompile Include="RigidBody.cpp">
      <Filter>Source</Filter>
    </ClCompile>
    <ClCompile Include="RenderComponent.cpp">
      <Filter>Source</Filter>
    </ClCompile>
    <ClCompile Include="InputInterface.cpp">
      <Filter>Source</Filter>
    </ClCompile>
    <ClCompile Include="TransformComponent.cpp">
      <Filter>Source</Filter>
    </ClCompile>
    <ClCompile Include="AudioComponent.cpp">
      <Filter>Source</Filter>
    </ClCompile>
    <ClCompile Include="JsonParser.cpp">
      <Filter>Source</Filter>
    </ClCompile>
    <ClCompile Include="stdafx.cpp">
      <Filter>Source</Filter>
    </ClCompile>
  </ItemGroup>
  <ItemGroup>
    <ClInclude Include="BaseComponent.h">
      <Filter>Headers</Filter>
    </ClInclude>
    <ClInclude Include="EngineSystem.h">
      <Filter>Headers</Filter>
    </ClInclude>
    <ClInclude Include="GameCodeApp.h">
      <Filter>Headers</Filter>
    </ClInclude>
    <ClInclude Include="GameObject.h">
      <Filter>Headers</Filter>
    </ClInclude>
    <ClInclude Include="InputInterface.h">
      <Filter>Headers</Filter>
    </ClInclude>
    <ClInclude Include="PhysicSystem.h">
      <Filter>Headers</Filter>
    </ClInclude>
    <ClInclude Include="ScriptComponent.h">
      <Filter>Headers</Filter>
    </ClInclude>
    <ClInclude Include="sol2\sol.hpp">
      <Filter>Headers</Filter>
    </ClInclude>
    <ClInclude Include="sol2\sol_forward.hpp">
      <Filter>Headers</Filter>
    </ClInclude>
    <ClInclude Include="SystemInitializer.h">
      <Filter>Headers</Filter>
    </ClInclude>
    <ClInclude Include="RigidBody.h">
      <Filter>Headers</Filter>
    </ClInclude>
    <ClInclude Include="TransformComponent.h">
      <Filter>Headers</Filter>
    </ClInclude>
    <ClInclude Include="RenderComponent.h">
      <Filter>Headers</Filter>
    </ClInclude>
    <ClInclude Include="CustomTypes.h">
      <Filter>Headers</Filter>
    </ClInclude>
    <ClInclude Include="AudioComponent.h">
      <Filter>Headers</Filter>
    </ClInclude>
    <ClInclude Include="JsonParser.h">
      <Filter>Headers</Filter>
    </ClInclude>
    <ClInclude Include="stdafx.h">
      <Filter>Headers</Filter>
    </ClInclude>
  </ItemGroup>
  <ItemGroup>
    <Filter Include="Source">
      <UniqueIdentifier>{a2b253df-049e-434f-9842-a415f0939e94}</UniqueIdentifier>
    </Filter>
    <Filter Include="Headers">
      <UniqueIdentifier>{e19db15d-9e6b-47ad-a02d-7530517ad369}</UniqueIdentifier>
    </Filter>
  </ItemGroup>
</Project>